
Microsoft Visual Studio Solution File, Format Version 12.00
# Visual Studio Version 17
VisualStudioVersion = 17.8.34511.84
MinimumVisualStudioVersion = 10.0.40219.1
Project("{9A19103F-16F7-4668-BE54-9A1E7A4F7556}") = "Vehicles.MVC", "Vehicles.MVC\Vehicles.MVC.csproj", "{E1DD395D-7FBE-4D6E-8D36-9AFA8334EE56}"
EndProject
Project("{9A19103F-16F7-4668-BE54-9A1E7A4F7556}") = "Vehicles.Service", "Vehicles.Service\Vehicles.Service.csproj", "{A886FDE3-C19D-472D-8882-1A5461055024}"
EndProject
Global
	GlobalSection(SolutionConfigurationPlatforms) = preSolution
		Debug|Any CPU = Debug|Any CPU
		Release|Any CPU = Release|Any CPU
	EndGlobalSection
	GlobalSection(ProjectConfigurationPlatforms) = postSolution
		{E1DD395D-7FBE-4D6E-8D36-9AFA8334EE56}.Debug|Any CPU.ActiveCfg = Debug|Any CPU
		{E1DD395D-7FBE-4D6E-8D36-9AFA8334EE56}.Debug|Any CPU.Build.0 = Debug|Any CPU
		{E1DD395D-7FBE-4D6E-8D36-9AFA8334EE56}.Release|Any CPU.ActiveCfg = Release|Any CPU
		{E1DD395D-7FBE-4D6E-8D36-9AFA8334EE56}.Release|Any CPU.Build.0 = Release|Any CPU
		{A886FDE3-C19D-472D-8882-1A5461055024}.Debug|Any CPU.ActiveCfg = Debug|Any CPU
		{A886FDE3-C19D-472D-8882-1A5461055024}.Debug|Any CPU.Build.0 = Debug|Any CPU
		{A886FDE3-C19D-472D-8882-1A5461055024}.Release|Any CPU.ActiveCfg = Release|Any CPU
		{A886FDE3-C19D-472D-8882-1A5461055024}.Release|Any CPU.Build.0 = Release|Any CPU
	EndGlobalSection
	GlobalSection(SolutionProperties) = preSolution
		HideSolutionNode = FALSE
	EndGlobalSection
	GlobalSection(ExtensibilityGlobals) = postSolution
		SolutionGuid = {7F4B1241-FA46-4EAB-A97E-F3157E21B0FD}
	EndGlobalSection
EndGlobal
